// !$*UTF8*$!
{
	archiveVersion = 1;
	classes = {
	};
	objectVersion = 56;
	objects = {

/* Begin PBXBuildFile section */
		754CB1B22BD23AF800968283 /* AppDelegate.swift in Sources */ = {isa = PBXBuildFile; fileRef = 754CB1B12BD23AF800968283 /* AppDelegate.swift */; };
		754CB1B42BD23AF800968283 /* SceneDelegate.swift in Sources */ = {isa = PBXBuildFile; fileRef = 754CB1B32BD23AF800968283 /* SceneDelegate.swift */; };
		754CB1B62BD23AF800968283 /* ViewController.swift in Sources */ = {isa = PBXBuildFile; fileRef = 754CB1B52BD23AF800968283 /* ViewController.swift */; };
		754CB1B92BD23AF800968283 /* Base in Resources */ = {isa = PBXBuildFile; fileRef = 754CB1B82BD23AF800968283 /* Base */; };
		754CB1BB2BD23AFA00968283 /* Assets.xcassets in Resources */ = {isa = PBXBuildFile; fileRef = 754CB1BA2BD23AFA00968283 /* Assets.xcassets */; };
		754CB1BE2BD23AFA00968283 /* Base in Resources */ = {isa = PBXBuildFile; fileRef = 754CB1BD2BD23AFA00968283 /* Base */; };
		754CB1C92BD23AFA00968283 /* Egg_Timer_ProjectTests.swift in Sources */ = {isa = PBXBuildFile; fileRef = 754CB1C82BD23AFA00968283 /* Egg_Timer_ProjectTests.swift */; };
		754CB1D32BD23AFA00968283 /* Egg_Timer_ProjectUITests.swift in Sources */ = {isa = PBXBuildFile; fileRef = 754CB1D22BD23AFA00968283 /* Egg_Timer_ProjectUITests.swift */; };
		754CB1D52BD23AFA00968283 /* Egg_Timer_ProjectUITestsLaunchTests.swift in Sources */ = {isa = PBXBuildFile; fileRef = 754CB1D42BD23AFA00968283 /* Egg_Timer_ProjectUITestsLaunchTests.swift */; };
		754CB1E22BD23B3100968283 /* alarm_sound.mp3 in Resources */ = {isa = PBXBuildFile; fileRef = 754CB1E12BD23B3100968283 /* alarm_sound.mp3 */; };
/* End PBXBuildFile section */

/* Begin PBXContainerItemProxy section */
		754CB1C52BD23AFA00968283 /* PBXContainerItemProxy */ = {
			isa = PBXContainerItemProxy;
			containerPortal = 754CB1A62BD23AF800968283 /* Project object */;
			proxyType = 1;
			remoteGlobalIDString = 754CB1AD2BD23AF800968283;
			remoteInfo = "Egg Timer Project";
		};
		754CB1CF2BD23AFA00968283 /* PBXContainerItemProxy */ = {
			isa = PBXContainerItemProxy;
			containerPortal = 754CB1A62BD23AF800968283 /* Project object */;
			proxyType = 1;
			remoteGlobalIDString = 754CB1AD2BD23AF800968283;
			remoteInfo = "Egg Timer Project";
		};
/* End PBXContainerItemProxy section */

/* Begin PBXFileReference section */
		754CB1AE2BD23AF800968283 /* Egg Timer Project.app */ = {isa = PBXFileReference; explicitFileType = wrapper.application; includeInIndex = 0; path = "Egg Timer Project.app"; sourceTree = BUILT_PRODUCTS_DIR; };
		754CB1B12BD23AF800968283 /* AppDelegate.swift */ = {isa = PBXFileReference; lastKnownFileType = sourcecode.swift; path = AppDelegate.swift; sourceTree = "<group>"; };
		754CB1B32BD23AF800968283 /* SceneDelegate.swift */ = {isa = PBXFileReference; lastKnownFileType = sourcecode.swift; path = SceneDelegate.swift; sourceTree = "<group>"; };
		754CB1B52BD23AF800968283 /* ViewController.swift */ = {isa = PBXFileReference; lastKnownFileType = sourcecode.swift; path = ViewController.swift; sourceTree = "<group>"; };
		754CB1B82BD23AF800968283 /* Base */ = {isa = PBXFileReference; lastKnownFileType = file.storyboard; name = Base; path = Base.lproj/Main.storyboard; sourceTree = "<group>"; };
		754CB1BA2BD23AFA00968283 /* Assets.xcassets */ = {isa = PBXFileReference; lastKnownFileType = folder.assetcatalog; path = Assets.xcassets; sourceTree = "<group>"; };
		754CB1BD2BD23AFA00968283 /* Base */ = {isa = PBXFileReference; lastKnownFileType = file.storyboard; name = Base; path = Base.lproj/LaunchScreen.storyboard; sourceTree = "<group>"; };
		754CB1BF2BD23AFA00968283 /* Info.plist */ = {isa = PBXFileReference; lastKnownFileType = text.plist.xml; path = Info.plist; sourceTree = "<group>"; };
		754CB1C42BD23AFA00968283 /* Egg Timer ProjectTests.xctest */ = {isa = PBXFileReference; explicitFileType = wrapper.cfbundle; includeInIndex = 0; path = "Egg Timer ProjectTests.xctest"; sourceTree = BUILT_PRODUCTS_DIR; };
		754CB1C82BD23AFA00968283 /* Egg_Timer_ProjectTests.swift */ = {isa = PBXFileReference; lastKnownFileType = sourcecode.swift; path = Egg_Timer_ProjectTests.swift; sourceTree = "<group>"; };
		754CB1CE2BD23AFA00968283 /* Egg Timer ProjectUITests.xctest */ = {isa = PBXFileReference; explicitFileType = wrapper.cfbundle; includeInIndex = 0; path = "Egg Timer ProjectUITests.xctest"; sourceTree = BUILT_PRODUCTS_DIR; };
		754CB1D22BD23AFA00968283 /* Egg_Timer_ProjectUITests.swift */ = {isa = PBXFileReference; lastKnownFileType = sourcecode.swift; path = Egg_Timer_ProjectUITests.swift; sourceTree = "<group>"; };
		754CB1D42BD23AFA00968283 /* Egg_Timer_ProjectUITestsLaunchTests.swift */ = {isa = PBXFileReference; lastKnownFileType = sourcecode.swift; path = Egg_Timer_ProjectUITestsLaunchTests.swift; sourceTree = "<group>"; };
		754CB1E12BD23B3100968283 /* alarm_sound.mp3 */ = {isa = PBXFileReference; lastKnownFileType = audio.mp3; path = alarm_sound.mp3; sourceTree = "<group>"; };
/* End PBXFileReference section */

/* Begin PBXFrameworksBuildPhase section */
		754CB1AB2BD23AF800968283 /* Frameworks */ = {
			isa = PBXFrameworksBuildPhase;
			buildActionMask = 2147483647;
			files = (
			);
			runOnlyForDeploymentPostprocessing = 0;
		};
		754CB1C12BD23AFA00968283 /* Frameworks */ = {
			isa = PBXFrameworksBuildPhase;
			buildActionMask = 2147483647;
			files = (
			);
			runOnlyForDeploymentPostprocessing = 0;
		};
		754CB1CB2BD23AFA00968283 /* Frameworks */ = {
			isa = PBXFrameworksBuildPhase;
			buildActionMask = 2147483647;
			files = (
			);
			runOnlyForDeploymentPostprocessing = 0;
		};
/* End PBXFrameworksBuildPhase section */

/* Begin PBXGroup section */
		754CB1A52BD23AF800968283 = {
			isa = PBXGroup;
			children = (
				754CB1B02BD23AF800968283 /* Egg Timer Project */,
				754CB1C72BD23AFA00968283 /* Egg Timer ProjectTests */,
				754CB1D12BD23AFA00968283 /* Egg Timer ProjectUITests */,
				754CB1E12BD23B3100968283 /* alarm_sound.mp3 */,
				754CB1AF2BD23AF800968283 /* Products */,
			);
			sourceTree = "<group>";
		};
		754CB1AF2BD23AF800968283 /* Products */ = {
			isa = PBXGroup;
			children = (
				754CB1AE2BD23AF800968283 /* Egg Timer Project.app */,
				754CB1C42BD23AFA00968283 /* Egg Timer ProjectTests.xctest */,
				754CB1CE2BD23AFA00968283 /* Egg Timer ProjectUITests.xctest */,
			);
			name = Products;
			sourceTree = "<group>";
		};
		754CB1B02BD23AF800968283 /* Egg Timer Project */ = {
			isa = PBXGroup;
			children = (
				754CB1B12BD23AF800968283 /* AppDelegate.swift */,
				754CB1B32BD23AF800968283 /* SceneDelegate.swift */,
				754CB1B52BD23AF800968283 /* ViewController.swift */,
				754CB1B72BD23AF800968283 /* Main.storyboard */,
				754CB1BA2BD23AFA00968283 /* Assets.xcassets */,
				754CB1BC2BD23AFA00968283 /* LaunchScreen.storyboard */,
				754CB1BF2BD23AFA00968283 /* Info.plist */,
			);
			path = "Egg Timer Project";
			sourceTree = "<group>";
		};
		754CB1C72BD23AFA00968283 /* Egg Timer ProjectTests */ = {
			isa = PBXGroup;
			children = (
				754CB1C82BD23AFA00968283 /* Egg_Timer_ProjectTests.swift */,
			);
			path = "Egg Timer ProjectTests";
			sourceTree = "<group>";
		};
		754CB1D12BD23AFA00968283 /* Egg Timer ProjectUITests */ = {
			isa = PBXGroup;
			children = (
				754CB1D22BD23AFA00968283 /* Egg_Timer_ProjectUITests.swift */,
				754CB1D42BD23AFA00968283 /* Egg_Timer_ProjectUITestsLaunchTests.swift */,
			);
			path = "Egg Timer ProjectUITests";
			sourceTree = "<group>";
		};
/* End PBXGroup section */

/* Begin PBXNativeTarget section */
		754CB1AD2BD23AF800968283 /* Egg Timer Project */ = {
			isa = PBXNativeTarget;
			buildConfigurationList = 754CB1D82BD23AFA00968283 /* Build configuration list for PBXNativeTarget "Egg Timer Project" */;
			buildPhases = (
				754CB1AA2BD23AF800968283 /* Sources */,
				754CB1AB2BD23AF800968283 /* Frameworks */,
				754CB1AC2BD23AF800968283 /* Resources */,
			);
			buildRules = (
			);
			dependencies = (
			);
			name = "Egg Timer Project";
			productName = "Egg Timer Project";
			productReference = 754CB1AE2BD23AF800968283 /* Egg Timer Project.app */;
			productType = "com.apple.product-type.application";
		};
		754CB1C32BD23AFA00968283 /* Egg Timer ProjectTests */ = {
			isa = PBXNativeTarget;
			buildConfigurationList = 754CB1DB2BD23AFA00968283 /* Build configuration list for PBXNativeTarget "Egg Timer ProjectTests" */;
			buildPhases = (
				754CB1C02BD23AFA00968283 /* Sources */,
				754CB1C12BD23AFA00968283 /* Frameworks */,
				754CB1C22BD23AFA00968283 /* Resources */,
			);
			buildRules = (
			);
			dependencies = (
				754CB1C62BD23AFA00968283 /* PBXTargetDependency */,
			);
			name = "Egg Timer ProjectTests";
			productName = "Egg Timer ProjectTests";
			productReference = 754CB1C42BD23AFA00968283 /* Egg Timer ProjectTests.xctest */;
			productType = "com.apple.product-type.bundle.unit-test";
		};
		754CB1CD2BD23AFA00968283 /* Egg Timer ProjectUITests */ = {
			isa = PBXNativeTarget;
			buildConfigurationList = 754CB1DE2BD23AFA00968283 /* Build configuration list for PBXNativeTarget "Egg Timer ProjectUITests" */;
			buildPhases = (
				754CB1CA2BD23AFA00968283 /* Sources */,
				754CB1CB2BD23AFA00968283 /* Frameworks */,
				754CB1CC2BD23AFA00968283 /* Resources */,
			);
			buildRules = (
			);
			dependencies = (
				754CB1D02BD23AFA00968283 /* PBXTargetDependency */,
			);
			name = "Egg Timer ProjectUITests";
			productName = "Egg Timer ProjectUITests";
			productReference = 754CB1CE2BD23AFA00968283 /* Egg Timer ProjectUITests.xctest */;
			productType = "com.apple.product-type.bundle.ui-testing";
		};
/* End PBXNativeTarget section */

/* Begin PBXProject section */
		754CB1A62BD23AF800968283 /* Project object */ = {
			isa = PBXProject;
			attributes = {
				BuildIndependentTargetsInParallel = 1;
				LastSwiftUpdateCheck = 1530;
				LastUpgradeCheck = 1530;
				TargetAttributes = {
					754CB1AD2BD23AF800968283 = {
						CreatedOnToolsVersion = 15.3;
					};
					754CB1C32BD23AFA00968283 = {
						CreatedOnToolsVersion = 15.3;
						TestTargetID = 754CB1AD2BD23AF800968283;
					};
					754CB1CD2BD23AFA00968283 = {
						CreatedOnToolsVersion = 15.3;
						TestTargetID = 754CB1AD2BD23AF800968283;
					};
				};
			};
			buildConfigurationList = 754CB1A92BD23AF800968283 /* Build configuration list for PBXProject "Egg Timer Project" */;
			compatibilityVersion = "Xcode 14.0";
			developmentRegion = en;
			hasScannedForEncodings = 0;
			knownRegions = (
				en,
				Base,
			);
			mainGroup = 754CB1A52BD23AF800968283;
			productRefGroup = 754CB1AF2BD23AF800968283 /* Products */;
			projectDirPath = "";
			projectRoot = "";
			targets = (
				754CB1AD2BD23AF800968283 /* Egg Timer Project */,
				754CB1C32BD23AFA00968283 /* Egg Timer ProjectTests */,
				754CB1CD2BD23AFA00968283 /* Egg Timer ProjectUITests */,
			);
		};
/* End PBXProject section */

/* Begin PBXResourcesBuildPhase section */
		754CB1AC2BD23AF800968283 /* Resources */ = {
			isa = PBXResourcesBuildPhase;
			buildActionMask = 2147483647;
			files = (
				754CB1BB2BD23AFA00968283 /* Assets.xcassets in Resources */,
				754CB1BE2BD23AFA00968283 /* Base in Resources */,
				754CB1E22BD23B3100968283 /* alarm_sound.mp3 in Resources */,
				754CB1B92BD23AF800968283 /* Base in Resources */,
			);
			runOnlyForDeploymentPostprocessing = 0;
		};
		754CB1C22BD23AFA00968283 /* Resources */ = {
			isa = PBXResourcesBuildPhase;
			buildActionMask = 2147483647;
			files = (
			);
			runOnlyForDeploymentPostprocessing = 0;
		};
		754CB1CC2BD23AFA00968283 /* Resources */ = {
			isa = PBXResourcesBuildPhase;
			buildActionMask = 2147483647;
			files = (
			);
			runOnlyForDeploymentPostprocessing = 0;
		};
/* End PBXResourcesBuildPhase section */

/* Begin PBXSourcesBuildPhase section */
		754CB1AA2BD23AF800968283 /* Sources */ = {
			isa = PBXSourcesBuildPhase;
			buildActionMask = 2147483647;
			files = (
				754CB1B62BD23AF800968283 /* ViewController.swift in Sources */,
				754CB1B22BD23AF800968283 /* AppDelegate.swift in Sources */,
				754CB1B42BD23AF800968283 /* SceneDelegate.swift in Sources */,
			);
			runOnlyForDeploymentPostprocessing = 0;
		};
		754CB1C02BD23AFA00968283 /* Sources */ = {
			isa = PBXSourcesBuildPhase;
			buildActionMask = 2147483647;
			files = (
				754CB1C92BD23AFA00968283 /* Egg_Timer_ProjectTests.swift in Sources */,
			);
			runOnlyForDeploymentPostprocessing = 0;
		};
		754CB1CA2BD23AFA00968283 /* Sources */ = {
			isa = PBXSourcesBuildPhase;
			buildActionMask = 2147483647;
			files = (
				754CB1D52BD23AFA00968283 /* Egg_Timer_ProjectUITestsLaunchTests.swift in Sources */,
				754CB1D32BD23AFA00968283 /* Egg_Timer_ProjectUITests.swift in Sources */,
			);
			runOnlyForDeploymentPostprocessing = 0;
		};
/* End PBXSourcesBuildPhase section */

/* Begin PBXTargetDependency section */
		754CB1C62BD23AFA00968283 /* PBXTargetDependency */ = {
			isa = PBXTargetDependency;
			target = 754CB1AD2BD23AF800968283 /* Egg Timer Project */;
			targetProxy = 754CB1C52BD23AFA00968283 /* PBXContainerItemProxy */;
		};
		754CB1D02BD23AFA00968283 /* PBXTargetDependency */ = {
			isa = PBXTargetDependency;
			target = 754CB1AD2BD23AF800968283 /* Egg Timer Project */;
			targetProxy = 754CB1CF2BD23AFA00968283 /* PBXContainerItemProxy */;
		};
/* End PBXTargetDependency section */

/* Begin PBXVariantGroup section */
		754CB1B72BD23AF800968283 /* Main.storyboard */ = {
			isa = PBXVariantGroup;
			children = (
				754CB1B82BD23AF800968283 /* Base */,
			);
			name = Main.storyboard;
			sourceTree = "<group>";
		};
		754CB1BC2BD23AFA00968283 /* LaunchScreen.storyboard */ = {
			isa = PBXVariantGroup;
			children = (
				754CB1BD2BD23AFA00968283 /* Base */,
			);
			name = LaunchScreen.storyboard;
			sourceTree = "<group>";
		};
/* End PBXVariantGroup section */

/* Begin XCBuildConfiguration section */
		754CB1D62BD23AFA00968283 /* Debug */ = {
			isa = XCBuildConfiguration;
			buildSettings = {
				ALWAYS_SEARCH_USER_PATHS = NO;
				ASSETCATALOG_COMPILER_GENERATE_SWIFT_ASSET_SYMBOL_EXTENSIONS = YES;
				CLANG_ANALYZER_NONNULL = YES;
				CLANG_ANALYZER_NUMBER_OBJECT_CONVERSION = YES_AGGRESSIVE;
				CLANG_CXX_LANGUAGE_STANDARD = "gnu++20";
				CLANG_ENABLE_MODULES = YES;
				CLANG_ENABLE_OBJC_ARC = YES;
				CLANG_ENABLE_OBJC_WEAK = YES;
				CLANG_WARN_BLOCK_CAPTURE_AUTORELEASING = YES;
				CLANG_WARN_BOOL_CONVERSION = YES;
				CLANG_WARN_COMMA = YES;
				CLANG_WARN_CONSTANT_CONVERSION = YES;
				CLANG_WARN_DEPRECATED_OBJC_IMPLEMENTATIONS = YES;
				CLANG_WARN_DIRECT_OBJC_ISA_USAGE = YES_ERROR;
				CLANG_WARN_DOCUMENTATION_COMMENTS = YES;
				CLANG_WARN_EMPTY_BODY = YES;
				CLANG_WARN_ENUM_CONVERSION = YES;
				CLANG_WARN_INFINITE_RECURSION = YES;
				CLANG_WARN_INT_CONVERSION = YES;
				CLANG_WARN_NON_LITERAL_NULL_CONVERSION = YES;
				CLANG_WARN_OBJC_IMPLICIT_RETAIN_SELF = YES;
				CLANG_WARN_OBJC_LITERAL_CONVERSION = YES;
				CLANG_WARN_OBJC_ROOT_CLASS = YES_ERROR;
				CLANG_WARN_QUOTED_INCLUDE_IN_FRAMEWORK_HEADER = YES;
				CLANG_WARN_RANGE_LOOP_ANALYSIS = YES;
				CLANG_WARN_STRICT_PROTOTYPES = YES;
				CLANG_WARN_SUSPICIOUS_MOVE = YES;
				CLANG_WARN_UNGUARDED_AVAILABILITY = YES_AGGRESSIVE;
				CLANG_WARN_UNREACHABLE_CODE = YES;
				CLANG_WARN__DUPLICATE_METHOD_MATCH = YES;
				COPY_PHASE_STRIP = NO;
				DEBUG_INFORMATION_FORMAT = dwarf;
				ENABLE_STRICT_OBJC_MSGSEND = YES;
				ENABLE_TESTABILITY = YES;
				ENABLE_USER_SCRIPT_SANDBOXING = YES;
				GCC_C_LANGUAGE_STANDARD = gnu17;
				GCC_DYNAMIC_NO_PIC = NO;
				GCC_NO_COMMON_BLOCKS = YES;
				GCC_OPTIMIZATION_LEVEL = 0;
				GCC_PREPROCESSOR_DEFINITIONS = (
					"DEBUG=1",
					"$(inherited)",
				);
				GCC_WARN_64_TO_32_BIT_CONVERSION = YES;
				GCC_WARN_ABOUT_RETURN_TYPE = YES_ERROR;
				GCC_WARN_UNDECLARED_SELECTOR = YES;
				GCC_WARN_UNINITIALIZED_AUTOS = YES_AGGRESSIVE;
				GCC_WARN_UNUSED_FUNCTION = YES;
				GCC_WARN_UNUSED_VARIABLE = YES;
				IPHONEOS_DEPLOYMENT_TARGET = 17.4;
				LOCALIZATION_PREFERS_STRING_CATALOGS = YES;
				MTL_ENABLE_DEBUG_INFO = INCLUDE_SOURCE;
				MTL_FAST_MATH = YES;
				ONLY_ACTIVE_ARCH = YES;
				SDKROOT = iphoneos;
				SWIFT_ACTIVE_COMPILATION_CONDITIONS = "DEBUG $(inherited)";
				SWIFT_OPTIMIZATION_LEVEL = "-Onone";
			};
			name = Debug;
		};
		754CB1D72BD23AFA00968283 /* Release */ = {
			isa = XCBuildConfiguration;
			buildSettings = {
				ALWAYS_SEARCH_USER_PATHS = NO;
				ASSETCATALOG_COMPILER_GENERATE_SWIFT_ASSET_SYMBOL_EXTENSIONS = YES;
				CLANG_ANALYZER_NONNULL = YES;
				CLANG_ANALYZER_NUMBER_OBJECT_CONVERSION = YES_AGGRESSIVE;
				CLANG_CXX_LANGUAGE_STANDARD = "gnu++20";
				CLANG_ENABLE_MODULES = YES;
				CLANG_ENABLE_OBJC_ARC = YES;
				CLANG_ENABLE_OBJC_WEAK = YES;
				CLANG_WARN_BLOCK_CAPTURE_AUTORELEASING = YES;
				CLANG_WARN_BOOL_CONVERSION = YES;
				CLANG_WARN_COMMA = YES;
				CLANG_WARN_CONSTANT_CONVERSION = YES;
				CLANG_WARN_DEPRECATED_OBJC_IMPLEMENTATIONS = YES;
				CLANG_WARN_DIRECT_OBJC_ISA_USAGE = YES_ERROR;
				CLANG_WARN_DOCUMENTATION_COMMENTS = YES;
				CLANG_WARN_EMPTY_BODY = YES;
				CLANG_WARN_ENUM_CONVERSION = YES;
				CLANG_WARN_INFINITE_RECURSION = YES;
				CLANG_WARN_INT_CONVERSION = YES;
				CLANG_WARN_NON_LITERAL_NULL_CONVERSION = YES;
				CLANG_WARN_OBJC_IMPLICIT_RETAIN_SELF = YES;
				CLANG_WARN_OBJC_LITERAL_CONVERSION = YES;
				CLANG_WARN_OBJC_ROOT_CLASS = YES_ERROR;
				CLANG_WARN_QUOTED_INCLUDE_IN_FRAMEWORK_HEADER = YES;
				CLANG_WARN_RANGE_LOOP_ANALYSIS = YES;
				CLANG_WARN_STRICT_PROTOTYPES = YES;
				CLANG_WARN_SUSPICIOUS_MOVE = YES;
				CLANG_WARN_UNGUARDED_AVAILABILITY = YES_AGGRESSIVE;
				CLANG_WARN_UNREACHABLE_CODE = YES;
				CLANG_WARN__DUPLICATE_METHOD_MATCH = YES;
				COPY_PHASE_STRIP = NO;
				DEBUG_INFORMATION_FORMAT = "dwarf-with-dsym";
				ENABLE_NS_ASSERTIONS = NO;
				ENABLE_STRICT_OBJC_MSGSEND = YES;
				ENABLE_USER_SCRIPT_SANDBOXING = YES;
				GCC_C_LANGUAGE_STANDARD = gnu17;
				GCC_NO_COMMON_BLOCKS = YES;
				GCC_WARN_64_TO_32_BIT_CONVERSION = YES;
				GCC_WARN_ABOUT_RETURN_TYPE = YES_ERROR;
				GCC_WARN_UNDECLARED_SELECTOR = YES;
				GCC_WARN_UNINITIALIZED_AUTOS = YES_AGGRESSIVE;
				GCC_WARN_UNUSED_FUNCTION = YES;
				GCC_WARN_UNUSED_VARIABLE = YES;
				IPHONEOS_DEPLOYMENT_TARGET = 17.4;
				LOCALIZATION_PREFERS_STRING_CATALOGS = YES;
				MTL_ENABLE_DEBUG_INFO = NO;
				MTL_FAST_MATH = YES;
				SDKROOT = iphoneos;
				SWIFT_COMPILATION_MODE = wholemodule;
				VALIDATE_PRODUCT = YES;
			};
			name = Release;
		};
		754CB1D92BD23AFA00968283 /* Debug */ = {
			isa = XCBuildConfiguration;
			buildSettings = {
				ASSETCATALOG_COMPILER_APPICON_NAME = AppIcon;
				ASSETCATALOG_COMPILER_GLOBAL_ACCENT_COLOR_NAME = AccentColor;
				CODE_SIGN_STYLE = Automatic;
				CURRENT_PROJECT_VERSION = 1;
				GENERATE_INFOPLIST_FILE = YES;
				INFOPLIST_FILE = "Egg Timer Project/Info.plist";
				INFOPLIST_KEY_UIApplicationSupportsIndirectInputEvents = YES;
				INFOPLIST_KEY_UILaunchStoryboardName = LaunchScreen;
				INFOPLIST_KEY_UIMainStoryboardFile = Main;
				INFOPLIST_KEY_UISupportedInterfaceOrientations_iPad = "UIInterfaceOrientationPortrait UIInterfaceOrientationPortraitUpsideDown UIInterfaceOrientationLandscapeLeft UIInterfaceOrientationLandscapeRight";
				INFOPLIST_KEY_UISupportedInterfaceOrientations_iPhone = "UIInterfaceOrientationPortrait UIInterfaceOrientationLandscapeLeft UIInterfaceOrientationLandscapeRight";
				LD_RUNPATH_SEARCH_PATHS = (
					"$(inherited)",
					"@executable_path/Frameworks",
				);
				MARKETING_VERSION = 1.0;
				PRODUCT_BUNDLE_IDENTIFIER = "com.canada.Egg-Timer-Project";
				PRODUCT_NAME = "$(TARGET_NAME)";
				SWIFT_EMIT_LOC_STRINGS = YES;
				SWIFT_VERSION = 5.0;
				TARGETED_DEVICE_FAMILY = "1,2";
			};
			name = Debug;
		};
		754CB1DA2BD23AFA00968283 /* Release */ = {
			isa = XCBuildConfiguration;
			buildSettings = {
				ASSETCATALOG_COMPILER_APPICON_NAME = AppIcon;
				ASSETCATALOG_COMPILER_GLOBAL_ACCENT_COLOR_NAME = AccentColor;
				CODE_SIGN_STYLE = Automatic;
				CURRENT_PROJECT_VERSION = 1;
				GENERATE_INFOPLIST_FILE = YES;
				INFOPLIST_FILE = "Egg Timer Project/Info.plist";
				INFOPLIST_KEY_UIApplicationSupportsIndirectInputEvents = YES;
				INFOPLIST_KEY_UILaunchStoryboardName = LaunchScreen;
				INFOPLIST_KEY_UIMainStoryboardFile = Main;
				INFOPLIST_KEY_UISupportedInterfaceOrientations_iPad = "UIInterfaceOrientationPortrait UIInterfaceOrientationPortraitUpsideDown UIInterfaceOrientationLandscapeLeft UIInterfaceOrientationLandscapeRight";
				INFOPLIST_KEY_UISupportedInterfaceOrientations_iPhone = "UIInterfaceOrientationPortrait UIInterfaceOrientationLandscapeLeft UIInterfaceOrientationLandscapeRight";
				LD_RUNPATH_SEARCH_PATHS = (
					"$(inherited)",
					"@executable_path/Frameworks",
				);
				MARKETING_VERSION = 1.0;
				PRODUCT_BUNDLE_IDENTIFIER = "com.canada.Egg-Timer-Project";
				PRODUCT_NAME = "$(TARGET_NAME)";
				SWIFT_EMIT_LOC_STRINGS = YES;
				SWIFT_VERSION = 5.0;
				TARGETED_DEVICE_FAMILY = "1,2";
			};
			name = Release;
		};
		754CB1DC2BD23AFA00968283 /* Debug */ = {
			isa = XCBuildConfiguration;
			buildSettings = {
				ALWAYS_EMBED_SWIFT_STANDARD_LIBRARIES = YES;
				BUNDLE_LOADER = "$(TEST_HOST)";
				CODE_SIGN_STYLE = Automatic;
				CURRENT_PROJECT_VERSION = 1;
				GENERATE_INFOPLIST_FILE = YES;
				IPHONEOS_DEPLOYMENT_TARGET = 17.4;
				MARKETING_VERSION = 1.0;
				PRODUCT_BUNDLE_IDENTIFIER = "com.canada.Egg-Timer-ProjectTests";
				PRODUCT_NAME = "$(TARGET_NAME)";
				SWIFT_EMIT_LOC_STRINGS = NO;
				SWIFT_VERSION = 5.0;
				TARGETED_DEVICE_FAMILY = "1,2";
				TEST_HOST = "$(BUILT_PRODUCTS_DIR)/Egg Timer Project.app/$(BUNDLE_EXECUTABLE_FOLDER_PATH)/Egg Timer Project";
			};
			name = Debug;
		};
		754CB1DD2BD23AFA00968283 /* Release */ = {
			isa = XCBuildConfiguration;
			buildSettings = {
				ALWAYS_EMBED_SWIFT_STANDARD_LIBRARIES = YES;
				BUNDLE_LOADER = "$(TEST_HOST)";
				CODE_SIGN_STYLE = Automatic;
				CURRENT_PROJECT_VERSION = 1;
				GENERATE_INFOPLIST_FILE = YES;
				IPHONEOS_DEPLOYMENT_TARGET = 17.4;
				MARKETING_VERSION = 1.0;
				PRODUCT_BUNDLE_IDENTIFIER = "com.canada.Egg-Timer-ProjectTests";
				PRODUCT_NAME = "$(TARGET_NAME)";
				SWIFT_EMIT_LOC_STRINGS = NO;
				SWIFT_VERSION = 5.0;
				TARGETED_DEVICE_FAMILY = "1,2";
				TEST_HOST = "$(BUILT_PRODUCTS_DIR)/Egg Timer Project.app/$(BUNDLE_EXECUTABLE_FOLDER_PATH)/Egg Timer Project";
			};
			name = Release;
		};
		754CB1DF2BD23AFA00968283 /* Debug */ = {
			isa = XCBuildConfiguration;
			buildSettings = {
				ALWAYS_EMBED_SWIFT_STANDARD_LIBRARIES = YES;
				CODE_SIGN_STYLE = Automatic;
				CURRENT_PROJECT_VERSION = 1;
				GENERATE_INFOPLIST_FILE = YES;
				MARKETING_VERSION = 1.0;
				PRODUCT_BUNDLE_IDENTIFIER = "com.canada.Egg-Timer-ProjectUITests";
				PRODUCT_NAME = "$(TARGET_NAME)";
				SWIFT_EMIT_LOC_STRINGS = NO;
				SWIFT_VERSION = 5.0;
				TARGETED_DEVICE_FAMILY = "1,2";
				TEST_TARGET_NAME = "Egg Timer Project";
			};
			name = Debug;
		};
		754CB1E02BD23AFA00968283 /* Release */ = {
			isa = XCBuildConfiguration;
			buildSettings = {
				ALWAYS_EMBED_SWIFT_STANDARD_LIBRARIES = YES;
				CODE_SIGN_STYLE = Automatic;
				CURRENT_PROJECT_VERSION = 1;
				GENERATE_INFOPLIST_FILE = YES;
				MARKETING_VERSION = 1.0;
				PRODUCT_BUNDLE_IDENTIFIER = "com.canada.Egg-Timer-ProjectUITests";
				PRODUCT_NAME = "$(TARGET_NAME)";
				SWIFT_EMIT_LOC_STRINGS = NO;
				SWIFT_VERSION = 5.0;
				TARGETED_DEVICE_FAMILY = "1,2";
				TEST_TARGET_NAME = "Egg Timer Project";
			};
			name = Release;
		};
/* End XCBuildConfiguration section */

/* Begin XCConfigurationList section */
		754CB1A92BD23AF800968283 /* Build configuration list for PBXProject "Egg Timer Project" */ = {
			isa = XCConfigurationList;
			buildConfigurations = (
				754CB1D62BD23AFA00968283 /* Debug */,
				754CB1D72BD23AFA00968283 /* Release */,
			);
			defaultConfigurationIsVisible = 0;
			defaultConfigurationName = Release;
		};
		754CB1D82BD23AFA00968283 /* Build configuration list for PBXNativeTarget "Egg Timer Project" */ = {
			isa = XCConfigurationList;
			buildConfigurations = (
				754CB1D92BD23AFA00968283 /* Debug */,
				754CB1DA2BD23AFA00968283 /* Release */,
			);
			defaultConfigurationIsVisible = 0;
			defaultConfigurationName = Release;
		};
		754CB1DB2BD23AFA00968283 /* Build configuration list for PBXNativeTarget "Egg Timer ProjectTests" */ = {
			isa = XCConfigurationList;
			buildConfigurations = (
				754CB1DC2BD23AFA00968283 /* Debug */,
				754CB1DD2BD23AFA00968283 /* Release */,
			);
			defaultConfigurationIsVisible = 0;
			defaultConfigurationName = Release;
		};
		754CB1DE2BD23AFA00968283 /* Build configuration list for PBXNativeTarget "Egg Timer ProjectUITests" */ = {
			isa = XCConfigurationList;
			buildConfigurations = (
				754CB1DF2BD23AFA00968283 /* Debug */,
				754CB1E02BD23AFA00968283 /* Release */,
			);
			defaultConfigurationIsVisible = 0;
			defaultConfigurationName = Release;
		};
/* End XCConfigurationList section */
	};
	rootObject = 754CB1A62BD23AF800968283 /* Project object */;
}
